Microsoft Visual Studio Solution File, Format Version 12.00
# Visual Studio Version 17
VisualStudioVersion = 17.5.2.0
MinimumVisualStudioVersion = 10.0.40219.1
Project("{FAE04EC0-301F-11D3-BF4B-00C04F79EFBC}") = "Skoruba.IdentityServer4.Admin.AeroSpike", "Skoruba.IdentityServer4.Admin.AeroSpike.csproj", "{2FDB5E85-9321-3379-3D87-9693DEC3593C}"
EndProject
Global
	GlobalSection(SolutionConfigurationPlatforms) = preSolution
		Debug|Any CPU = Debug|Any CPU
		Release|Any CPU = Release|Any CPU
	EndGlobalSection
	GlobalSection(ProjectConfigurationPlatforms) = postSolution
		{2FDB5E85-9321-3379-3D87-9693DEC3593C}.Debug|Any CPU.ActiveCfg = Debug|Any CPU
		{2FDB5E85-9321-3379-3D87-9693DEC3593C}.Debug|Any CPU.Build.0 = Debug|Any CPU
		{2FDB5E85-9321-3379-3D87-9693DEC3593C}.Release|Any CPU.ActiveCfg = Release|Any CPU
		{2FDB5E85-9321-3379-3D87-9693DEC3593C}.Release|Any CPU.Build.0 = Release|Any CPU
	EndGlobalSection
	GlobalSection(SolutionProperties) = preSolution
		HideSolutionNode = FALSE
	EndGlobalSection
	GlobalSection(ExtensibilityGlobals) = postSolution
		SolutionGuid = {4665906D-92D7-4FB5-8545-E49A44F098E0}
	EndGlobalSection
EndGlobal
